{
  "name": "try-to-run",
  "version": "1.0.0",
  "lockfileVersion": 2,
  "requires": true,
  "packages": {
    "": {
      "name": "try-to-run",
      "version": "1.0.0",
      "license": "MIT",
      "devDependencies": {
        "browse-url": "^1.0.0"
      }
    },
    "node_modules/browse-url": {
      "version": "1.1.0",
      "resolved": "https://registry.npmjs.org/browse-url/-/browse-url-1.1.0.tgz",
      "integrity": "sha512-/5yzqctazspQxzRqWW9+aAZX2IGwxwo3euhgkl9Bhrm8cgWpwjggyqOlhO/OQb3Olqh+GNtXReFrndSPZ2ohLg==",
      "dev": true,
      "dependencies": {
        "config-sets": "^2.0.0"
      }
    },
    "node_modules/config-sets": {
      "version": "2.0.0",
      "resolved": "https://registry.npmjs.org/config-sets/-/config-sets-2.0.0.tgz",
      "integrity": "sha512-aHUc3XEb8cFYG2aJ/g52LLt8f91d2mKiGx6bV1cOy7e83RbwF3caPzLZ/YWtV2j6gDGLB2gaR2IWj/LPW1nWWw==",
      "dev": true
    }
  },
  "dependencies": {
    "browse-url": {
      "version": "1.1.0",
      "resolved": "https://registry.npmjs.org/browse-url/-/browse-url-1.1.0.tgz",
      "integrity": "sha512-/5yzqctazspQxzRqWW9+aAZX2IGwxwo3euhgkl9Bhrm8cgWpwjggyqOlhO/OQb3Olqh+GNtXReFrndSPZ2ohLg==",
      "dev": true,
      "requires": {
        "config-sets": "^2.0.0"
      }
    },
    "config-sets": {
      "version": "2.0.0",
      "resolved": "https://registry.npmjs.org/config-sets/-/config-sets-2.0.0.tgz",
      "integrity": "sha512-aHUc3XEb8cFYG2aJ/g52LLt8f91d2mKiGx6bV1cOy7e83RbwF3caPzLZ/YWtV2j6gDGLB2gaR2IWj/LPW1nWWw==",
      "dev": true
    }
  }
}
