{
  "name": "try-to-run",
  "version": "1.2.0",
  "lockfileVersion": 2,
  "requires": true,
  "packages": {
    "": {
      "name": "try-to-run",
      "version": "1.2.0",
      "license": "MIT",
      "dependencies": {
        "config-sets": "^2.1.1"
      },
      "devDependencies": {
        "browse-url": "^1.0.0"
      }
    },
    "node_modules/browse-url": {
      "version": "1.1.1",
      "resolved": "https://registry.npmjs.org/browse-url/-/browse-url-1.1.1.tgz",
      "integrity": "sha512-eV3GMoRDQn76AVxNWDsM2VFtsvbG62L8+Lv71z9sU5ylhmiB4P3IAt8E96p1l3YFYKixSL/68Cd5FJ+4ulpfXQ==",
      "dev": true,
      "dependencies": {
        "config-sets": "^2.0.0"
      }
    },
    "node_modules/config-sets": {
      "version": "2.1.1",
      "resolved": "https://registry.npmjs.org/config-sets/-/config-sets-2.1.1.tgz",
      "integrity": "sha512-u4CrKxgEDZZCtOGd7DW0u+nq6jO+uTJGlZ6Z/hRby/+H/9MDBxNShjZ0jX8CLTr9KFsVnBiR3eAJlgQe4K/COQ=="
    }
  },
  "dependencies": {
    "browse-url": {
      "version": "1.1.1",
      "resolved": "https://registry.npmjs.org/browse-url/-/browse-url-1.1.1.tgz",
      "integrity": "sha512-eV3GMoRDQn76AVxNWDsM2VFtsvbG62L8+Lv71z9sU5ylhmiB4P3IAt8E96p1l3YFYKixSL/68Cd5FJ+4ulpfXQ==",
      "dev": true,
      "requires": {
        "config-sets": "^2.0.0"
      }
    },
    "config-sets": {
      "version": "2.1.1",
      "resolved": "https://registry.npmjs.org/config-sets/-/config-sets-2.1.1.tgz",
      "integrity": "sha512-u4CrKxgEDZZCtOGd7DW0u+nq6jO+uTJGlZ6Z/hRby/+H/9MDBxNShjZ0jX8CLTr9KFsVnBiR3eAJlgQe4K/COQ=="
    }
  }
}
