{
  "name": "try-to-run",
  "version": "1.0.0",
  "lockfileVersion": 2,
  "requires": true,
  "packages": {
    "": {
      "name": "try-to-run",
      "version": "1.0.0",
      "license": "MIT",
      "devDependencies": {
        "browse-url": "^1.0.0"
      }
    },
    "node_modules/browse-url": {
      "version": "1.0.0",
      "resolved": "https://registry.npmjs.org/browse-url/-/browse-url-1.0.0.tgz",
      "integrity": "sha512-NaVjrSYInKtBe7iPPJAVCHROVizETBG/S87eBL3LOHQb5qDpzqQ/t2MDIHOBY3K8iT17vm2JMJTg26HVUPEmLQ==",
      "dev": true
    }
  },
  "dependencies": {
    "browse-url": {
      "version": "1.0.0",
      "resolved": "https://registry.npmjs.org/browse-url/-/browse-url-1.0.0.tgz",
      "integrity": "sha512-NaVjrSYInKtBe7iPPJAVCHROVizETBG/S87eBL3LOHQb5qDpzqQ/t2MDIHOBY3K8iT17vm2JMJTg26HVUPEmLQ==",
      "dev": true
    }
  }
}
